
Microsoft Visual Studio Solution File, Format Version 12.00
# Visual Studio Version 16
VisualStudioVersion = 16.0.30907.101
MinimumVisualStudioVersion = 10.0.40219.1
Project("{FAE04EC0-301F-11D3-BF4B-00C04F79EFBC}") = "EntityFrameworkHomework", "EntityFrameworkHomework\EntityFrameworkHomework.csproj", "{BEB5B289-A756-46A6-A166-FCC78A9800B3}"
EndProject
Global
	GlobalSection(SolutionConfigurationPlatforms) = preSolution
		Debug|Any CPU = Debug|Any CPU
		Release|Any CPU = Release|Any CPU
	EndGlobalSection
	GlobalSection(ProjectConfigurationPlatforms) = postSolution
		{BEB5B289-A756-46A6-A166-FCC78A9800B3}.Debug|Any CPU.ActiveCfg = Debug|Any CPU
		{BEB5B289-A756-46A6-A166-FCC78A9800B3}.Debug|Any CPU.Build.0 = Debug|Any CPU
		{BEB5B289-A756-46A6-A166-FCC78A9800B3}.Release|Any CPU.ActiveCfg = Release|Any CPU
		{BEB5B289-A756-46A6-A166-FCC78A9800B3}.Release|Any CPU.Build.0 = Release|Any CPU
	EndGlobalSection
	GlobalSection(SolutionProperties) = preSolution
		HideSolutionNode = FALSE
	EndGlobalSection
	GlobalSection(ExtensibilityGlobals) = postSolution
		SolutionGuid = {19486F01-4456-4008-950D-0A2D512BEE18}
	EndGlobalSection
EndGlobal
